
Microsoft Visual Studio Solution File, Format Version 12.00
# Visual Studio 15
VisualStudioVersion = 15.0.28307.757
MinimumVisualStudioVersion = 10.0.40219.1
Project("{FAE04EC0-301F-11D3-BF4B-00C04F79EFBC}") = "StatusBar", "StatusBar\StatusBar.csproj", "{628477D8-FFAC-473F-8FF6-0F6198790C12}"
EndProject
Global
	GlobalSection(SolutionConfigurationPlatforms) = preSolution
		Debug|Any CPU = Debug|Any CPU
		Release|Any CPU = Release|Any CPU
	EndGlobalSection
	GlobalSection(ProjectConfigurationPlatforms) = postSolution
		{628477D8-FFAC-473F-8FF6-0F6198790C12}.Debug|Any CPU.ActiveCfg = Debug|Any CPU
		{628477D8-FFAC-473F-8FF6-0F6198790C12}.Debug|Any CPU.Build.0 = Debug|Any CPU
		{628477D8-FFAC-473F-8FF6-0F6198790C12}.Release|Any CPU.ActiveCfg = Release|Any CPU
		{628477D8-FFAC-473F-8FF6-0F6198790C12}.Release|Any CPU.Build.0 = Release|Any CPU
	EndGlobalSection
	GlobalSection(SolutionProperties) = preSolution
		HideSolutionNode = FALSE
	EndGlobalSection
	GlobalSection(ExtensibilityGlobals) = postSolution
		SolutionGuid = {33365C18-BD46-4549-B075-9958B8BA0DC6}
	EndGlobalSection
EndGlobal
